
Microsoft Visual Studio Solution File, Format Version 12.00
# Visual Studio 15
VisualStudioVersion = 15.0.26403.7
MinimumVisualStudioVersion = 10.0.40219.1
Project("{FAE04EC0-301F-11D3-BF4B-00C04F79EFBC}") = "GameStore.Domain", "GameStore.Domain\GameStore.Domain.csproj", "{4465797D-1688-4712-B192-C5D0729860C9}"
EndProject
Project("{FAE04EC0-301F-11D3-BF4B-00C04F79EFBC}") = "GameStore.WebUI", "GameStore.WebUI\GameStore.WebUI.csproj", "{23FCF59C-D3C6-4324-8E74-AA4AE800DD06}"
EndProject
Project("{FAE04EC0-301F-11D3-BF4B-00C04F79EFBC}") = "GameStore.UnitTests", "GameStore.UnitTests\GameStore.UnitTests.csproj", "{C12D0428-CECA-4BFA-BDE0-87F21519B8A4}"
EndProject
Global
	GlobalSection(SolutionConfigurationPlatforms) = preSolution
		Debug|Any CPU = Debug|Any CPU
		Release|Any CPU = Release|Any CPU
	EndGlobalSection
	GlobalSection(ProjectConfigurationPlatforms) = postSolution
		{4465797D-1688-4712-B192-C5D0729860C9}.Debug|Any CPU.ActiveCfg = Debug|Any CPU
		{4465797D-1688-4712-B192-C5D0729860C9}.Debug|Any CPU.Build.0 = Debug|Any CPU
		{4465797D-1688-4712-B192-C5D0729860C9}.Release|Any CPU.ActiveCfg = Release|Any CPU
		{4465797D-1688-4712-B192-C5D0729860C9}.Release|Any CPU.Build.0 = Release|Any CPU
		{23FCF59C-D3C6-4324-8E74-AA4AE800DD06}.Debug|Any CPU.ActiveCfg = Debug|Any CPU
		{23FCF59C-D3C6-4324-8E74-AA4AE800DD06}.Debug|Any CPU.Build.0 = Debug|Any CPU
		{23FCF59C-D3C6-4324-8E74-AA4AE800DD06}.Release|Any CPU.ActiveCfg = Release|Any CPU
		{23FCF59C-D3C6-4324-8E74-AA4AE800DD06}.Release|Any CPU.Build.0 = Release|Any CPU
		{C12D0428-CECA-4BFA-BDE0-87F21519B8A4}.Debug|Any CPU.ActiveCfg = Debug|Any CPU
		{C12D0428-CECA-4BFA-BDE0-87F21519B8A4}.Debug|Any CPU.Build.0 = Debug|Any CPU
		{C12D0428-CECA-4BFA-BDE0-87F21519B8A4}.Release|Any CPU.ActiveCfg = Release|Any CPU
		{C12D0428-CECA-4BFA-BDE0-87F21519B8A4}.Release|Any CPU.Build.0 = Release|Any CPU
	EndGlobalSection
	GlobalSection(SolutionProperties) = preSolution
		HideSolutionNode = FALSE
	EndGlobalSection
EndGlobal
